{
  "requires": true,
  "lockfileVersion": 1,
  "dependencies": {
    "countup.js": {
      "version": "2.0.4",
      "resolved": "https://registry.npm.taobao.org/countup.js/download/countup.js-2.0.4.tgz",
      "integrity": "sha1-jIRUUuSZsWGHwNG+seXXF72pAAU="
    },
    "v-finger-mk42": {
      "version": "2.0.4",
      "resolved": "https://registry.npm.taobao.org/v-finger-mk42/download/v-finger-mk42-2.0.4.tgz",
      "integrity": "sha1-R9X82qZDk3RR4r+JcsSeJsKDC08="
    }
  }
}
